
Microsoft Visual Studio Solution File, Format Version 12.00
# Visual Studio Version 16
VisualStudioVersion = 16.0.31515.178
MinimumVisualStudioVersion = 10.0.40219.1
Project("{FAE04EC0-301F-11D3-BF4B-00C04F79EFBC}") = "Metaenlace", "Metaenlace.csproj", "{B02CAFB9-3B4E-4BC8-BC9F-A3BC7011F2DB}"
EndProject
Global
	GlobalSection(SolutionConfigurationPlatforms) = preSolution
		Debug|Any CPU = Debug|Any CPU
		Release|Any CPU = Release|Any CPU
	EndGlobalSection
	GlobalSection(ProjectConfigurationPlatforms) = postSolution
		{B02CAFB9-3B4E-4BC8-BC9F-A3BC7011F2DB}.Debug|Any CPU.ActiveCfg = Debug|Any CPU
		{B02CAFB9-3B4E-4BC8-BC9F-A3BC7011F2DB}.Debug|Any CPU.Build.0 = Debug|Any CPU
		{B02CAFB9-3B4E-4BC8-BC9F-A3BC7011F2DB}.Release|Any CPU.ActiveCfg = Release|Any CPU
		{B02CAFB9-3B4E-4BC8-BC9F-A3BC7011F2DB}.Release|Any CPU.Build.0 = Release|Any CPU
	EndGlobalSection
	GlobalSection(SolutionProperties) = preSolution
		HideSolutionNode = FALSE
	EndGlobalSection
	GlobalSection(ExtensibilityGlobals) = postSolution
		SolutionGuid = {D0118B33-82D0-4262-9FD0-B10485A7F5B7}
	EndGlobalSection
EndGlobal
